
Microsoft Visual Studio Solution File, Format Version 12.00
# Visual Studio Version 17
VisualStudioVersion = 17.6.33829.357
MinimumVisualStudioVersion = 10.0.40219.1
Project("{FAE04EC0-301F-11D3-BF4B-00C04F79EFBC}") = "CSharpSyntax", "CSharpSyntax\CSharpSyntax.csproj", "{C2DC6675-26EE-4C3A-9B9E-C2C25088935C}"
EndProject
Global
	GlobalSection(SolutionConfigurationPlatforms) = preSolution
		Debug|Any CPU = Debug|Any CPU
		Release|Any CPU = Release|Any CPU
	EndGlobalSection
	GlobalSection(ProjectConfigurationPlatforms) = postSolution
		{C2DC6675-26EE-4C3A-9B9E-C2C25088935C}.Debug|Any CPU.ActiveCfg = Debug|Any CPU
		{C2DC6675-26EE-4C3A-9B9E-C2C25088935C}.Debug|Any CPU.Build.0 = Debug|Any CPU
		{C2DC6675-26EE-4C3A-9B9E-C2C25088935C}.Release|Any CPU.ActiveCfg = Release|Any CPU
		{C2DC6675-26EE-4C3A-9B9E-C2C25088935C}.Release|Any CPU.Build.0 = Release|Any CPU
	EndGlobalSection
	GlobalSection(SolutionProperties) = preSolution
		HideSolutionNode = FALSE
	EndGlobalSection
	GlobalSection(ExtensibilityGlobals) = postSolution
		SolutionGuid = {2A14E94F-D4B6-4C75-B1AD-8AEC9888C003}
	EndGlobalSection
EndGlobal
